
Microsoft Visual Studio Solution File, Format Version 12.00
# Visual Studio 15
VisualStudioVersion = 15.0.27703.2042
MinimumVisualStudioVersion = 10.0.40219.1
Project("{FAE04EC0-301F-11D3-BF4B-00C04F79EFBC}") = "Memes.Model", "Memes.Model\Memes.Model.csproj", "{6F4424BE-4CB5-4E79-89D7-1C774D9969D0}"
EndProject
Project("{FAE04EC0-301F-11D3-BF4B-00C04F79EFBC}") = "Memes.DataAccessLayer", "Memes.DataAccessLayer\Memes.DataAccessLayer.csproj", "{807F6136-EF67-4816-BC08-1022429F345E}"
EndProject
Project("{FAE04EC0-301F-11D3-BF4B-00C04F79EFBC}") = "Memes.Repository", "Memes.Repository\Memes.Repository.csproj", "{2456EC67-2501-47E1-A19E-93C320E2833A}"
EndProject
Project("{FAE04EC0-301F-11D3-BF4B-00C04F79EFBC}") = "Memes.Service", "Memes.Service\Memes.Service.csproj", "{C07A7241-9E8E-4B7C-A1AB-92C2F007A875}"
EndProject
Project("{FAE04EC0-301F-11D3-BF4B-00C04F79EFBC}") = "Memes.MVC", "Memes.MVC\Memes.MVC.csproj", "{56DAB064-F78D-4EDB-8C7E-691EB4AF7063}"
EndProject
Global
	GlobalSection(SolutionConfigurationPlatforms) = preSolution
		Debug|Any CPU = Debug|Any CPU
		Release|Any CPU = Release|Any CPU
	EndGlobalSection
	GlobalSection(ProjectConfigurationPlatforms) = postSolution
		{6F4424BE-4CB5-4E79-89D7-1C774D9969D0}.Debug|Any CPU.ActiveCfg = Debug|Any CPU
		{6F4424BE-4CB5-4E79-89D7-1C774D9969D0}.Debug|Any CPU.Build.0 = Debug|Any CPU
		{6F4424BE-4CB5-4E79-89D7-1C774D9969D0}.Release|Any CPU.ActiveCfg = Release|Any CPU
		{6F4424BE-4CB5-4E79-89D7-1C774D9969D0}.Release|Any CPU.Build.0 = Release|Any CPU
		{807F6136-EF67-4816-BC08-1022429F345E}.Debug|Any CPU.ActiveCfg = Debug|Any CPU
		{807F6136-EF67-4816-BC08-1022429F345E}.Debug|Any CPU.Build.0 = Debug|Any CPU
		{807F6136-EF67-4816-BC08-1022429F345E}.Release|Any CPU.ActiveCfg = Release|Any CPU
		{807F6136-EF67-4816-BC08-1022429F345E}.Release|Any CPU.Build.0 = Release|Any CPU
		{2456EC67-2501-47E1-A19E-93C320E2833A}.Debug|Any CPU.ActiveCfg = Debug|Any CPU
		{2456EC67-2501-47E1-A19E-93C320E2833A}.Debug|Any CPU.Build.0 = Debug|Any CPU
		{2456EC67-2501-47E1-A19E-93C320E2833A}.Release|Any CPU.ActiveCfg = Release|Any CPU
		{2456EC67-2501-47E1-A19E-93C320E2833A}.Release|Any CPU.Build.0 = Release|Any CPU
		{C07A7241-9E8E-4B7C-A1AB-92C2F007A875}.Debug|Any CPU.ActiveCfg = Debug|Any CPU
		{C07A7241-9E8E-4B7C-A1AB-92C2F007A875}.Debug|Any CPU.Build.0 = Debug|Any CPU
		{C07A7241-9E8E-4B7C-A1AB-92C2F007A875}.Release|Any CPU.ActiveCfg = Release|Any CPU
		{C07A7241-9E8E-4B7C-A1AB-92C2F007A875}.Release|Any CPU.Build.0 = Release|Any CPU
		{56DAB064-F78D-4EDB-8C7E-691EB4AF7063}.Debug|Any CPU.ActiveCfg = Debug|Any CPU
		{56DAB064-F78D-4EDB-8C7E-691EB4AF7063}.Debug|Any CPU.Build.0 = Debug|Any CPU
		{56DAB064-F78D-4EDB-8C7E-691EB4AF7063}.Release|Any CPU.ActiveCfg = Release|Any CPU
		{56DAB064-F78D-4EDB-8C7E-691EB4AF7063}.Release|Any CPU.Build.0 = Release|Any CPU
	EndGlobalSection
	GlobalSection(SolutionProperties) = preSolution
		HideSolutionNode = FALSE
	EndGlobalSection
	GlobalSection(ExtensibilityGlobals) = postSolution
		SolutionGuid = {AE243877-5231-4467-B796-BF20DED34E4A}
	EndGlobalSection
EndGlobal
